  
Microsoft Visual Studio Solution File, Format Version 12.00
# Visual Studio 15
VisualStudioVersion = 15.0.28307.168
MinimumVisualStudioVersion = 10.0.40219.1
Project("{8BC9CEB8-8B4A-11D0-8D11-00A0C91BC942}") = "lum-decoder", "lum-decoder.vcxproj", "{6FA85DD2-BE7D-4FC6-8A13-6D86E53AE7F9}"
EndProject
Global
	GlobalSection(SolutionConfigurationPlatforms) = preSolution
		Debug|x64 = Debug|x64
		Debug|x86 = Debug|x86
		Release|x64 = Release|x64
		Release|x86 = Release|x86
	EndGlobalSection
	GlobalSection(ProjectConfigurationPlatforms) = postSolution
		{926360D7-2018-412C-89B9-9C835436172F}.Debug|x64.ActiveCfg = Debug|x64
		{926360D7-2018-412C-89B9-9C835436172F}.Debug|x64.Build.0 = Debug|x64
		{926360D7-2018-412C-89B9-9C835436172F}.Debug|x86.ActiveCfg = Debug|Win32
		{926360D7-2018-412C-89B9-9C835436172F}.Debug|x86.Build.0 = Debug|Win32
		{926360D7-2018-412C-89B9-9C835436172F}.Release|x64.ActiveCfg = Release|x64
		{926360D7-2018-412C-89B9-9C835436172F}.Release|x64.Build.0 = Release|x64
		{926360D7-2018-412C-89B9-9C835436172F}.Release|x86.ActiveCfg = Release|Win32
		{926360D7-2018-412C-89B9-9C835436172F}.Release|x86.Build.0 = Release|Win32
		{6FA85DD2-BE7D-4FC6-8A13-6D86E53AE7F9}.Debug|x64.ActiveCfg = Debug|x64
		{6FA85DD2-BE7D-4FC6-8A13-6D86E53AE7F9}.Debug|x64.Build.0 = Debug|x64
		{6FA85DD2-BE7D-4FC6-8A13-6D86E53AE7F9}.Debug|x86.ActiveCfg = Debug|Win32
		{6FA85DD2-BE7D-4FC6-8A13-6D86E53AE7F9}.Debug|x86.Build.0 = Debug|Win32
		{6FA85DD2-BE7D-4FC6-8A13-6D86E53AE7F9}.Release|x64.ActiveCfg = Release|x64
		{6FA85DD2-BE7D-4FC6-8A13-6D86E53AE7F9}.Release|x64.Build.0 = Release|x64
		{6FA85DD2-BE7D-4FC6-8A13-6D86E53AE7F9}.Release|x86.ActiveCfg = Release|Win32
		{6FA85DD2-BE7D-4FC6-8A13-6D86E53AE7F9}.Release|x86.Build.0 = Release|Win32
	EndGlobalSection
	GlobalSection(SolutionProperties) = preSolution
		HideSolutionNode = FALSE
	EndGlobalSection
	GlobalSection(ExtensibilityGlobals) = postSolution
		SolutionGuid = {93C15211-D66F-47B8-BF7C-2E29F79FA729}
	EndGlobalSection
EndGlobal
